
Microsoft Visual Studio Solution File, Format Version 12.00
# Visual Studio Version 16
VisualStudioVersion = 16.0.29215.179
MinimumVisualStudioVersion = 10.0.40219.1
Project("{FAE04EC0-301F-11D3-BF4B-00C04F79EFBC}") = "RabbitMQ-Server", "RabbitMQ-Server\RabbitMQ-Server.csproj", "{1690959C-E147-4027-9129-2585B5809252}"
EndProject
Project("{FAE04EC0-301F-11D3-BF4B-00C04F79EFBC}") = "RabbitMQ-Client", "RabbitMQ-Client\RabbitMQ-Client.csproj", "{6CA140EE-3486-4439-85F8-DD56F292ABA7}"
EndProject
Project("{FAE04EC0-301F-11D3-BF4B-00C04F79EFBC}") = "RabbitMQService", "RabbitMQService\RabbitMQService.csproj", "{6DB4F68F-47DC-43D8-A18A-19803E7BF389}"
EndProject
Global
	GlobalSection(SolutionConfigurationPlatforms) = preSolution
		Debug|Any CPU = Debug|Any CPU
		Release|Any CPU = Release|Any CPU
	EndGlobalSection
	GlobalSection(ProjectConfigurationPlatforms) = postSolution
		{1690959C-E147-4027-9129-2585B5809252}.Debug|Any CPU.ActiveCfg = Debug|Any CPU
		{1690959C-E147-4027-9129-2585B5809252}.Debug|Any CPU.Build.0 = Debug|Any CPU
		{1690959C-E147-4027-9129-2585B5809252}.Release|Any CPU.ActiveCfg = Release|Any CPU
		{1690959C-E147-4027-9129-2585B5809252}.Release|Any CPU.Build.0 = Release|Any CPU
		{6CA140EE-3486-4439-85F8-DD56F292ABA7}.Debug|Any CPU.ActiveCfg = Debug|Any CPU
		{6CA140EE-3486-4439-85F8-DD56F292ABA7}.Debug|Any CPU.Build.0 = Debug|Any CPU
		{6CA140EE-3486-4439-85F8-DD56F292ABA7}.Release|Any CPU.ActiveCfg = Release|Any CPU
		{6CA140EE-3486-4439-85F8-DD56F292ABA7}.Release|Any CPU.Build.0 = Release|Any CPU
		{6DB4F68F-47DC-43D8-A18A-19803E7BF389}.Debug|Any CPU.ActiveCfg = Debug|Any CPU
		{6DB4F68F-47DC-43D8-A18A-19803E7BF389}.Debug|Any CPU.Build.0 = Debug|Any CPU
		{6DB4F68F-47DC-43D8-A18A-19803E7BF389}.Release|Any CPU.ActiveCfg = Release|Any CPU
		{6DB4F68F-47DC-43D8-A18A-19803E7BF389}.Release|Any CPU.Build.0 = Release|Any CPU
	EndGlobalSection
	GlobalSection(SolutionProperties) = preSolution
		HideSolutionNode = FALSE
	EndGlobalSection
	GlobalSection(ExtensibilityGlobals) = postSolution
		SolutionGuid = {E1051376-04CF-44AF-9585-F75F76DC8C07}
	EndGlobalSection
EndGlobal
